
Microsoft Visual Studio Solution File, Format Version 12.00
Project("{FAE04EC0-301F-11D3-BF4B-00C04F79EFBC}") = "MyFathersWorkConsole", "MyFathersWorkConsole\MyFathersWorkConsole.csproj", "{A3AF1A86-A7A5-4DE0-AC03-90E10365378B}"
EndProject
Global
	GlobalSection(SolutionConfigurationPlatforms) = preSolution
		Debug|Any CPU = Debug|Any CPU
		Release|Any CPU = Release|Any CPU
	EndGlobalSection
	GlobalSection(ProjectConfigurationPlatforms) = postSolution
		{A3AF1A86-A7A5-4DE0-AC03-90E10365378B}.Debug|Any CPU.ActiveCfg = Debug|Any CPU
		{A3AF1A86-A7A5-4DE0-AC03-90E10365378B}.Debug|Any CPU.Build.0 = Debug|Any CPU
		{A3AF1A86-A7A5-4DE0-AC03-90E10365378B}.Release|Any CPU.ActiveCfg = Release|Any CPU
		{A3AF1A86-A7A5-4DE0-AC03-90E10365378B}.Release|Any CPU.Build.0 = Release|Any CPU
	EndGlobalSection
EndGlobal
